PODS:
  - libPusher (1.5):
    - libPusher/Core
  - libPusher/Core (1.5):
    - SocketRocket (= 0.3.1-beta2)
  - Reachability (3.1.1)
  - SocketRocket (0.3.1-beta2)

DEPENDENCIES:
  - libPusher (= 1.5)
  - Reachability (~> 3.1.0)

SPEC CHECKSUMS:
  libPusher: 295f281f1003aa678382a387e3043c298f270e4d
  Reachability: be4883bb93f31e38266ae3365e5600a317aae735
  SocketRocket: 7ac946bcce46287a791dfff3c1f8daa692821dae

COCOAPODS: 0.28.0
